
Microsoft Visual Studio Solution File, Format Version 12.00
# Visual Studio Version 16
VisualStudioVersion = 16.0.31019.35
MinimumVisualStudioVersion = 10.0.40219.1
Project("{FAE04EC0-301F-11D3-BF4B-00C04F79EFBC}") = "1.1", "1.1\1.1.csproj", "{56DDB8AD-3084-45FB-B3DA-1ABC50BCC275}"
EndProject
Global
	GlobalSection(SolutionConfigurationPlatforms) = preSolution
		Debug|Any CPU = Debug|Any CPU
		Release|Any CPU = Release|Any CPU
	EndGlobalSection
	GlobalSection(ProjectConfigurationPlatforms) = postSolution
		{56DDB8AD-3084-45FB-B3DA-1ABC50BCC275}.Debug|Any CPU.ActiveCfg = Debug|Any CPU
		{56DDB8AD-3084-45FB-B3DA-1ABC50BCC275}.Debug|Any CPU.Build.0 = Debug|Any CPU
		{56DDB8AD-3084-45FB-B3DA-1ABC50BCC275}.Release|Any CPU.ActiveCfg = Release|Any CPU
		{56DDB8AD-3084-45FB-B3DA-1ABC50BCC275}.Release|Any CPU.Build.0 = Release|Any CPU
	EndGlobalSection
	GlobalSection(SolutionProperties) = preSolution
		HideSolutionNode = FALSE
	EndGlobalSection
	GlobalSection(ExtensibilityGlobals) = postSolution
		SolutionGuid = {2E3537A8-C3A2-49F4-8A3E-7482337BF469}
	EndGlobalSection
EndGlobal
