
Microsoft Visual Studio Solution File, Format Version 12.00
# Visual Studio Version 16
VisualStudioVersion = 16.0.31019.35
MinimumVisualStudioVersion = 10.0.40219.1
Project("{FAE04EC0-301F-11D3-BF4B-00C04F79EFBC}") = "11New", "11New\11New.csproj", "{FCA55F9F-8BAE-456A-9D94-74D98F1506DE}"
EndProject
Global
	GlobalSection(SolutionConfigurationPlatforms) = preSolution
		Debug|Any CPU = Debug|Any CPU
		Release|Any CPU = Release|Any CPU
	EndGlobalSection
	GlobalSection(ProjectConfigurationPlatforms) = postSolution
		{FCA55F9F-8BAE-456A-9D94-74D98F1506DE}.Debug|Any CPU.ActiveCfg = Debug|Any CPU
		{FCA55F9F-8BAE-456A-9D94-74D98F1506DE}.Debug|Any CPU.Build.0 = Debug|Any CPU
		{FCA55F9F-8BAE-456A-9D94-74D98F1506DE}.Release|Any CPU.ActiveCfg = Release|Any CPU
		{FCA55F9F-8BAE-456A-9D94-74D98F1506DE}.Release|Any CPU.Build.0 = Release|Any CPU
	EndGlobalSection
	GlobalSection(SolutionProperties) = preSolution
		HideSolutionNode = FALSE
	EndGlobalSection
	GlobalSection(ExtensibilityGlobals) = postSolution
		SolutionGuid = {1F1A32D6-1CA1-47D3-9365-57F30DC7A027}
	EndGlobalSection
EndGlobal
